
Microsoft Visual Studio Solution File, Format Version 12.00
# Visual Studio Version 16
VisualStudioVersion = 16.0.31112.23
MinimumVisualStudioVersion = 10.0.40219.1
Project("{FAE04EC0-301F-11D3-BF4B-00C04F79EFBC}") = "Ejercicio1", "Ejercicio1\Ejercicio1.csproj", "{F236620D-E3C5-49B0-B721-17D52EEE641D}"
EndProject
Global
	GlobalSection(SolutionConfigurationPlatforms) = preSolution
		Debug|Any CPU = Debug|Any CPU
		Release|Any CPU = Release|Any CPU
	EndGlobalSection
	GlobalSection(ProjectConfigurationPlatforms) = postSolution
		{F236620D-E3C5-49B0-B721-17D52EEE641D}.Debug|Any CPU.ActiveCfg = Debug|Any CPU
		{F236620D-E3C5-49B0-B721-17D52EEE641D}.Debug|Any CPU.Build.0 = Debug|Any CPU
		{F236620D-E3C5-49B0-B721-17D52EEE641D}.Release|Any CPU.ActiveCfg = Release|Any CPU
		{F236620D-E3C5-49B0-B721-17D52EEE641D}.Release|Any CPU.Build.0 = Release|Any CPU
	EndGlobalSection
	GlobalSection(SolutionProperties) = preSolution
		HideSolutionNode = FALSE
	EndGlobalSection
	GlobalSection(ExtensibilityGlobals) = postSolution
		SolutionGuid = {C6C97641-452F-4322-BC82-8FA88E04710E}
	EndGlobalSection
EndGlobal
