
Microsoft Visual Studio Solution File, Format Version 12.00
# Visual Studio Version 16
VisualStudioVersion = 16.0.31112.23
MinimumVisualStudioVersion = 10.0.40219.1
Project("{FAE04EC0-301F-11D3-BF4B-00C04F79EFBC}") = "Ejercicio7", "Ejercicio7\Ejercicio7.csproj", "{F6DD3E88-449A-4FE3-8B5F-84B19264AC79}"
EndProject
Global
	GlobalSection(SolutionConfigurationPlatforms) = preSolution
		Debug|Any CPU = Debug|Any CPU
		Release|Any CPU = Release|Any CPU
	EndGlobalSection
	GlobalSection(ProjectConfigurationPlatforms) = postSolution
		{F6DD3E88-449A-4FE3-8B5F-84B19264AC79}.Debug|Any CPU.ActiveCfg = Debug|Any CPU
		{F6DD3E88-449A-4FE3-8B5F-84B19264AC79}.Debug|Any CPU.Build.0 = Debug|Any CPU
		{F6DD3E88-449A-4FE3-8B5F-84B19264AC79}.Release|Any CPU.ActiveCfg = Release|Any CPU
		{F6DD3E88-449A-4FE3-8B5F-84B19264AC79}.Release|Any CPU.Build.0 = Release|Any CPU
	EndGlobalSection
	GlobalSection(SolutionProperties) = preSolution
		HideSolutionNode = FALSE
	EndGlobalSection
	GlobalSection(ExtensibilityGlobals) = postSolution
		SolutionGuid = {1009F9FE-C3D8-49C5-A70D-08AB1D5A1151}
	EndGlobalSection
EndGlobal
