
Microsoft Visual Studio Solution File, Format Version 12.00
# Visual Studio Version 16
VisualStudioVersion = 16.0.31112.23
MinimumVisualStudioVersion = 10.0.40219.1
Project("{FAE04EC0-301F-11D3-BF4B-00C04F79EFBC}") = "Ejercicio20", "Ejercicio20\Ejercicio20.csproj", "{3040F3CD-7015-48AE-808F-4990A2102379}"
EndProject
Project("{FAE04EC0-301F-11D3-BF4B-00C04F79EFBC}") = "Billetes", "Billetes\Billetes.csproj", "{FD616860-439A-4DA7-8C6C-386B224DCC4D}"
EndProject
Global
	GlobalSection(SolutionConfigurationPlatforms) = preSolution
		Debug|Any CPU = Debug|Any CPU
		Release|Any CPU = Release|Any CPU
	EndGlobalSection
	GlobalSection(ProjectConfigurationPlatforms) = postSolution
		{3040F3CD-7015-48AE-808F-4990A2102379}.Debug|Any CPU.ActiveCfg = Debug|Any CPU
		{3040F3CD-7015-48AE-808F-4990A2102379}.Debug|Any CPU.Build.0 = Debug|Any CPU
		{3040F3CD-7015-48AE-808F-4990A2102379}.Release|Any CPU.ActiveCfg = Release|Any CPU
		{3040F3CD-7015-48AE-808F-4990A2102379}.Release|Any CPU.Build.0 = Release|Any CPU
		{FD616860-439A-4DA7-8C6C-386B224DCC4D}.Debug|Any CPU.ActiveCfg = Debug|Any CPU
		{FD616860-439A-4DA7-8C6C-386B224DCC4D}.Debug|Any CPU.Build.0 = Debug|Any CPU
		{FD616860-439A-4DA7-8C6C-386B224DCC4D}.Release|Any CPU.ActiveCfg = Release|Any CPU
		{FD616860-439A-4DA7-8C6C-386B224DCC4D}.Release|Any CPU.Build.0 = Release|Any CPU
	EndGlobalSection
	GlobalSection(SolutionProperties) = preSolution
		HideSolutionNode = FALSE
	EndGlobalSection
	GlobalSection(ExtensibilityGlobals) = postSolution
		SolutionGuid = {4BEA9F2A-3488-435E-97E0-250A93F21396}
	EndGlobalSection
EndGlobal
